// !$*UTF8*$!
{
	archiveVersion = 1;
	classes = {
	};
	objectVersion = 55;
	objects = {

/* Begin PBXBuildFile section */
		29D21DCB28210C45002AB2F8 /* TweetDetailModule.swift in Sources */ = {isa = PBXBuildFile; fileRef = 29D21DC728210C45002AB2F8 /* TweetDetailModule.swift */; };
		29D21DCC28210C45002AB2F8 /* TweetDetailRouter.swift in Sources */ = {isa = PBXBuildFile; fileRef = 29D21DC828210C45002AB2F8 /* TweetDetailRouter.swift */; };
		29D21DCD28210C45002AB2F8 /* TweetDetailViewController.swift in Sources */ = {isa = PBXBuildFile; fileRef = 29D21DC928210C45002AB2F8 /* TweetDetailViewController.swift */; };
		29D21DCE28210C45002AB2F8 /* TweetDetailViewModel.swift in Sources */ = {isa = PBXBuildFile; fileRef = 29D21DCA28210C45002AB2F8 /* TweetDetailViewModel.swift */; };
		29D21DD028210E8D002AB2F8 /* TweetDetailViewModelProtocol.swift in Sources */ = {isa = PBXBuildFile; fileRef = 29D21DCF28210E8D002AB2F8 /* TweetDetailViewModelProtocol.swift */; };
		29FF361B2814200E00ECEE8C /* FeatureModule.swift in Sources */ = {isa = PBXBuildFile; fileRef = 29FF361A2814200E00ECEE8C /* FeatureModule.swift */; };
		29FF361D2814202500ECEE8C /* Router.swift in Sources */ = {isa = PBXBuildFile; fileRef = 29FF361C2814202500ECEE8C /* Router.swift */; };
		29FF361F281420AB00ECEE8C /* HomeModule.swift in Sources */ = {isa = PBXBuildFile; fileRef = 29FF361E281420AB00ECEE8C /* HomeModule.swift */; };
		29FF36212814212400ECEE8C /* HomeViewController.swift in Sources */ = {isa = PBXBuildFile; fileRef = 29FF36202814212400ECEE8C /* HomeViewController.swift */; };
		29FF36242814213700ECEE8C /* HomeViewModelProtocol.swift in Sources */ = {isa = PBXBuildFile; fileRef = 29FF36232814213700ECEE8C /* HomeViewModelProtocol.swift */; };
		29FF3626281421E500ECEE8C /* HomeViewModel.swift in Sources */ = {isa = PBXBuildFile; fileRef = 29FF3625281421E500ECEE8C /* HomeViewModel.swift */; };
		29FF362828143DC100ECEE8C /* HomeRouter.swift in Sources */ = {isa = PBXBuildFile; fileRef = 29FF362728143DC100ECEE8C /* HomeRouter.swift */; };
		29FF362F28144AFF00ECEE8C /* TweetView.swift in Sources */ = {isa = PBXBuildFile; fileRef = 29FF362E28144AFF00ECEE8C /* TweetView.swift */; };
		29FF363228144E5F00ECEE8C /* SDWebImage in Frameworks */ = {isa = PBXBuildFile; productRef = 29FF363128144E5F00ECEE8C /* SDWebImage */; };
		DD35051D280A9BEE00A95D78 /* AppDelegate.swift in Sources */ = {isa = PBXBuildFile; fileRef = DD35051C280A9BEE00A95D78 /* AppDelegate.swift */; };
		DD35051F280A9BEE00A95D78 /* SceneDelegate.swift in Sources */ = {isa = PBXBuildFile; fileRef = DD35051E280A9BEE00A95D78 /* SceneDelegate.swift */; };
		DD350526280A9BF000A95D78 /* Assets.xcassets in Resources */ = {isa = PBXBuildFile; fileRef = DD350525280A9BF000A95D78 /* Assets.xcassets */; };
		DD350529280A9BF000A95D78 /* LaunchScreen.storyboard in Resources */ = {isa = PBXBuildFile; fileRef = DD350527280A9BF000A95D78 /* LaunchScreen.storyboard */; };
		DD350532280AA0F300A95D78 /* Core in Frameworks */ = {isa = PBXBuildFile; productRef = DD350531280AA0F300A95D78 /* Core */; };
		DD350534280AA2A100A95D78 /* HTTPClient in Frameworks */ = {isa = PBXBuildFile; productRef = DD350533280AA2A100A95D78 /* HTTPClient */; };
		DD350536280AA53600A95D78 /* Repository in Frameworks */ = {isa = PBXBuildFile; productRef = DD350535280AA53600A95D78 /* Repository */; };
/* End PBXBuildFile section */

/* Begin PBXFileReference section */
		29D21DC728210C45002AB2F8 /* TweetDetailModule.swift */ = {isa = PBXFileReference; lastKnownFileType = sourcecode.swift; path = TweetDetailModule.swift; sourceTree = "<group>"; };
		29D21DC828210C45002AB2F8 /* TweetDetailRouter.swift */ = {isa = PBXFileReference; lastKnownFileType = sourcecode.swift; path = TweetDetailRouter.swift; sourceTree = "<group>"; };
		29D21DC928210C45002AB2F8 /* TweetDetailViewController.swift */ = {isa = PBXFileReference; lastKnownFileType = sourcecode.swift; path = TweetDetailViewController.swift; sourceTree = "<group>"; };
		29D21DCA28210C45002AB2F8 /* TweetDetailViewModel.swift */ = {isa = PBXFileReference; lastKnownFileType = sourcecode.swift; path = TweetDetailViewModel.swift; sourceTree = "<group>"; };
		29D21DCF28210E8D002AB2F8 /* TweetDetailViewModelProtocol.swift */ = {isa = PBXFileReference; lastKnownFileType = sourcecode.swift; path = TweetDetailViewModelProtocol.swift; sourceTree = "<group>"; };
		29FF361A2814200E00ECEE8C /* FeatureModule.swift */ = {isa = PBXFileReference; lastKnownFileType = sourcecode.swift; path = FeatureModule.swift; sourceTree = "<group>"; };
		29FF361C2814202500ECEE8C /* Router.swift */ = {isa = PBXFileReference; lastKnownFileType = sourcecode.swift; path = Router.swift; sourceTree = "<group>"; };
		29FF361E281420AB00ECEE8C /* HomeModule.swift */ = {isa = PBXFileReference; lastKnownFileType = sourcecode.swift; path = HomeModule.swift; sourceTree = "<group>"; };
		29FF36202814212400ECEE8C /* HomeViewController.swift */ = {isa = PBXFileReference; lastKnownFileType = sourcecode.swift; path = HomeViewController.swift; sourceTree = "<group>"; };
		29FF36232814213700ECEE8C /* HomeViewModelProtocol.swift */ = {isa = PBXFileReference; lastKnownFileType = sourcecode.swift; path = HomeViewModelProtocol.swift; sourceTree = "<group>"; };
		29FF3625281421E500ECEE8C /* HomeViewModel.swift */ = {isa = PBXFileReference; lastKnownFileType = sourcecode.swift; path = HomeViewModel.swift; sourceTree = "<group>"; };
		29FF362728143DC100ECEE8C /* HomeRouter.swift */ = {isa = PBXFileReference; lastKnownFileType = sourcecode.swift; path = HomeRouter.swift; sourceTree = "<group>"; };
		29FF362E28144AFF00ECEE8C /* TweetView.swift */ = {isa = PBXFileReference; lastKnownFileType = sourcecode.swift; path = TweetView.swift; sourceTree = "<group>"; };
		DD350519280A9BEE00A95D78 /* Switter.app */ = {isa = PBXFileReference; explicitFileType = wrapper.application; includeInIndex = 0; path = Switter.app; sourceTree = BUILT_PRODUCTS_DIR; };
		DD35051C280A9BEE00A95D78 /* AppDelegate.swift */ = {isa = PBXFileReference; lastKnownFileType = sourcecode.swift; path = AppDelegate.swift; sourceTree = "<group>"; };
		DD35051E280A9BEE00A95D78 /* SceneDelegate.swift */ = {isa = PBXFileReference; lastKnownFileType = sourcecode.swift; path = SceneDelegate.swift; sourceTree = "<group>"; };
		DD350525280A9BF000A95D78 /* Assets.xcassets */ = {isa = PBXFileReference; lastKnownFileType = folder.assetcatalog; path = Assets.xcassets; sourceTree = "<group>"; };
		DD350528280A9BF000A95D78 /* Base */ = {isa = PBXFileReference; lastKnownFileType = file.storyboard; name = Base; path = Base.lproj/LaunchScreen.storyboard; sourceTree = "<group>"; };
		DD35052A280A9BF000A95D78 /* Info.plist */ = {isa = PBXFileReference; lastKnownFileType = text.plist.xml; path = Info.plist; sourceTree = "<group>"; };
/* End PBXFileReference section */

/* Begin PBXFrameworksBuildPhase section */
		DD350516280A9BEE00A95D78 /* Frameworks */ = {
			isa = PBXFrameworksBuildPhase;
			buildActionMask = 2147483647;
			files = (
				DD350532280AA0F300A95D78 /* Core in Frameworks */,
				DD350534280AA2A100A95D78 /* HTTPClient in Frameworks */,
				29FF363228144E5F00ECEE8C /* SDWebImage in Frameworks */,
				DD350536280AA53600A95D78 /* Repository in Frameworks */,
			);
			runOnlyForDeploymentPostprocessing = 0;
		};
/* End PBXFrameworksBuildPhase section */

/* Begin PBXGroup section */
		29D21DC628210C2A002AB2F8 /* TweetDetail */ = {
			isa = PBXGroup;
			children = (
				29D21DC728210C45002AB2F8 /* TweetDetailModule.swift */,
				29D21DC828210C45002AB2F8 /* TweetDetailRouter.swift */,
				29D21DC928210C45002AB2F8 /* TweetDetailViewController.swift */,
				29D21DCA28210C45002AB2F8 /* TweetDetailViewModel.swift */,
				29D21DCF28210E8D002AB2F8 /* TweetDetailViewModelProtocol.swift */,
			);
			path = TweetDetail;
			sourceTree = "<group>";
		};
		29FF361528141F2F00ECEE8C /* Resources */ = {
			isa = PBXGroup;
			children = (
				DD350525280A9BF000A95D78 /* Assets.xcassets */,
				DD350527280A9BF000A95D78 /* LaunchScreen.storyboard */,
				DD35052A280A9BF000A95D78 /* Info.plist */,
			);
			name = Resources;
			sourceTree = "<group>";
		};
		29FF361728141F4C00ECEE8C /* Module */ = {
			isa = PBXGroup;
			children = (
				29D21DC628210C2A002AB2F8 /* TweetDetail */,
				29FF361928141FED00ECEE8C /* Home */,
				29FF361A2814200E00ECEE8C /* FeatureModule.swift */,
				29FF361C2814202500ECEE8C /* Router.swift */,
			);
			path = Module;
			sourceTree = "<group>";
		};
		29FF361828141F6400ECEE8C /* App */ = {
			isa = PBXGroup;
			children = (
				DD35051C280A9BEE00A95D78 /* AppDelegate.swift */,
				DD35051E280A9BEE00A95D78 /* SceneDelegate.swift */,
			);
			name = App;
			sourceTree = "<group>";
		};
		29FF361928141FED00ECEE8C /* Home */ = {
			isa = PBXGroup;
			children = (
				29FF362D28144AEA00ECEE8C /* Views */,
				29FF36222814212B00ECEE8C /* ViewModel */,
				29FF361E281420AB00ECEE8C /* HomeModule.swift */,
				29FF36202814212400ECEE8C /* HomeViewController.swift */,
				29FF362728143DC100ECEE8C /* HomeRouter.swift */,
			);
			path = Home;
			sourceTree = "<group>";
		};
		29FF36222814212B00ECEE8C /* ViewModel */ = {
			isa = PBXGroup;
			children = (
				29FF36232814213700ECEE8C /* HomeViewModelProtocol.swift */,
				29FF3625281421E500ECEE8C /* HomeViewModel.swift */,
			);
			path = ViewModel;
			sourceTree = "<group>";
		};
		29FF362A281446D600ECEE8C /* Common */ = {
			isa = PBXGroup;
			children = (
			);
			path = Common;
			sourceTree = "<group>";
		};
		29FF362D28144AEA00ECEE8C /* Views */ = {
			isa = PBXGroup;
			children = (
				29FF362E28144AFF00ECEE8C /* TweetView.swift */,
			);
			path = Views;
			sourceTree = "<group>";
		};
		DD350510280A9BEE00A95D78 = {
			isa = PBXGroup;
			children = (
				DD35051B280A9BEE00A95D78 /* Switter */,
				DD35051A280A9BEE00A95D78 /* Products */,
				DD350530280AA0F300A95D78 /* Frameworks */,
			);
			sourceTree = "<group>";
		};
		DD35051A280A9BEE00A95D78 /* Products */ = {
			isa = PBXGroup;
			children = (
				DD350519280A9BEE00A95D78 /* Switter.app */,
			);
			name = Products;
			sourceTree = "<group>";
		};
		DD35051B280A9BEE00A95D78 /* Switter */ = {
			isa = PBXGroup;
			children = (
				29FF362A281446D600ECEE8C /* Common */,
				29FF361828141F6400ECEE8C /* App */,
				29FF361728141F4C00ECEE8C /* Module */,
				29FF361528141F2F00ECEE8C /* Resources */,
			);
			path = Switter;
			sourceTree = "<group>";
		};
		DD350530280AA0F300A95D78 /* Frameworks */ = {
			isa = PBXGroup;
			children = (
			);
			name = Frameworks;
			sourceTree = "<group>";
		};
/* End PBXGroup section */

/* Begin PBXNativeTarget section */
		DD350518280A9BEE00A95D78 /* Switter */ = {
			isa = PBXNativeTarget;
			buildConfigurationList = DD35052D280A9BF000A95D78 /* Build configuration list for PBXNativeTarget "Switter" */;
			buildPhases = (
				DD350515280A9BEE00A95D78 /* Sources */,
				DD350516280A9BEE00A95D78 /* Frameworks */,
				DD350517280A9BEE00A95D78 /* Resources */,
			);
			buildRules = (
			);
			dependencies = (
			);
			name = Switter;
			packageProductDependencies = (
				DD350531280AA0F300A95D78 /* Core */,
				DD350533280AA2A100A95D78 /* HTTPClient */,
				DD350535280AA53600A95D78 /* Repository */,
				29FF363128144E5F00ECEE8C /* SDWebImage */,
			);
			productName = Switter;
			productReference = DD350519280A9BEE00A95D78 /* Switter.app */;
			productType = "com.apple.product-type.application";
		};
/* End PBXNativeTarget section */

/* Begin PBXProject section */
		DD350511280A9BEE00A95D78 /* Project object */ = {
			isa = PBXProject;
			attributes = {
				BuildIndependentTargetsInParallel = 1;
				LastSwiftUpdateCheck = 1330;
				LastUpgradeCheck = 1330;
				TargetAttributes = {
					DD350518280A9BEE00A95D78 = {
						CreatedOnToolsVersion = 13.3;
					};
				};
			};
			buildConfigurationList = DD350514280A9BEE00A95D78 /* Build configuration list for PBXProject "Switter" */;
			compatibilityVersion = "Xcode 13.0";
			developmentRegion = en;
			hasScannedForEncodings = 0;
			knownRegions = (
				en,
				Base,
			);
			mainGroup = DD350510280A9BEE00A95D78;
			packageReferences = (
				29FF363028144E5F00ECEE8C /* XCRemoteSwiftPackageReference "SDWebImage" */,
			);
			productRefGroup = DD35051A280A9BEE00A95D78 /* Products */;
			projectDirPath = "";
			projectRoot = "";
			targets = (
				DD350518280A9BEE00A95D78 /* Switter */,
			);
		};
/* End PBXProject section */

/* Begin PBXResourcesBuildPhase section */
		DD350517280A9BEE00A95D78 /* Resources */ = {
			isa = PBXResourcesBuildPhase;
			buildActionMask = 2147483647;
			files = (
				DD350529280A9BF000A95D78 /* LaunchScreen.storyboard in Resources */,
				DD350526280A9BF000A95D78 /* Assets.xcassets in Resources */,
			);
			runOnlyForDeploymentPostprocessing = 0;
		};
/* End PBXResourcesBuildPhase section */

/* Begin PBXSourcesBuildPhase section */
		DD350515280A9BEE00A95D78 /* Sources */ = {
			isa = PBXSourcesBuildPhase;
			buildActionMask = 2147483647;
			files = (
				29FF361B2814200E00ECEE8C /* FeatureModule.swift in Sources */,
				29FF361D2814202500ECEE8C /* Router.swift in Sources */,
				29FF36242814213700ECEE8C /* HomeViewModelProtocol.swift in Sources */,
				29D21DCC28210C45002AB2F8 /* TweetDetailRouter.swift in Sources */,
				29FF3626281421E500ECEE8C /* HomeViewModel.swift in Sources */,
				29D21DD028210E8D002AB2F8 /* TweetDetailViewModelProtocol.swift in Sources */,
				29FF361F281420AB00ECEE8C /* HomeModule.swift in Sources */,
				DD35051D280A9BEE00A95D78 /* AppDelegate.swift in Sources */,
				DD35051F280A9BEE00A95D78 /* SceneDelegate.swift in Sources */,
				29D21DCB28210C45002AB2F8 /* TweetDetailModule.swift in Sources */,
				29FF362828143DC100ECEE8C /* HomeRouter.swift in Sources */,
				29D21DCD28210C45002AB2F8 /* TweetDetailViewController.swift in Sources */,
				29D21DCE28210C45002AB2F8 /* TweetDetailViewModel.swift in Sources */,
				29FF362F28144AFF00ECEE8C /* TweetView.swift in Sources */,
				29FF36212814212400ECEE8C /* HomeViewController.swift in Sources */,
			);
			runOnlyForDeploymentPostprocessing = 0;
		};
/* End PBXSourcesBuildPhase section */

/* Begin PBXVariantGroup section */
		DD350527280A9BF000A95D78 /* LaunchScreen.storyboard */ = {
			isa = PBXVariantGroup;
			children = (
				DD350528280A9BF000A95D78 /* Base */,
			);
			name = LaunchScreen.storyboard;
			sourceTree = "<group>";
		};
/* End PBXVariantGroup section */

/* Begin XCBuildConfiguration section */
		DD35052B280A9BF000A95D78 /* Debug */ = {
			isa = XCBuildConfiguration;
			buildSettings = {
				ALWAYS_SEARCH_USER_PATHS = NO;
				CLANG_ANALYZER_NONNULL = YES;
				CLANG_ANALYZER_NUMBER_OBJECT_CONVERSION = YES_AGGRESSIVE;
				CLANG_CXX_LANGUAGE_STANDARD = "gnu++17";
				CLANG_ENABLE_MODULES = YES;
				CLANG_ENABLE_OBJC_ARC = YES;
				CLANG_ENABLE_OBJC_WEAK = YES;
				CLANG_WARN_BLOCK_CAPTURE_AUTORELEASING = YES;
				CLANG_WARN_BOOL_CONVERSION = YES;
				CLANG_WARN_COMMA = YES;
				CLANG_WARN_CONSTANT_CONVERSION = YES;
				CLANG_WARN_DEPRECATED_OBJC_IMPLEMENTATIONS = YES;
				CLANG_WARN_DIRECT_OBJC_ISA_USAGE = YES_ERROR;
				CLANG_WARN_DOCUMENTATION_COMMENTS = YES;
				CLANG_WARN_EMPTY_BODY = YES;
				CLANG_WARN_ENUM_CONVERSION = YES;
				CLANG_WARN_INFINITE_RECURSION = YES;
				CLANG_WARN_INT_CONVERSION = YES;
				CLANG_WARN_NON_LITERAL_NULL_CONVERSION = YES;
				CLANG_WARN_OBJC_IMPLICIT_RETAIN_SELF = YES;
				CLANG_WARN_OBJC_LITERAL_CONVERSION = YES;
				CLANG_WARN_OBJC_ROOT_CLASS = YES_ERROR;
				CLANG_WARN_QUOTED_INCLUDE_IN_FRAMEWORK_HEADER = YES;
				CLANG_WARN_RANGE_LOOP_ANALYSIS = YES;
				CLANG_WARN_STRICT_PROTOTYPES = YES;
				CLANG_WARN_SUSPICIOUS_MOVE = YES;
				CLANG_WARN_UNGUARDED_AVAILABILITY = YES_AGGRESSIVE;
				CLANG_WARN_UNREACHABLE_CODE = YES;
				CLANG_WARN__DUPLICATE_METHOD_MATCH = YES;
				COPY_PHASE_STRIP = NO;
				DEBUG_INFORMATION_FORMAT = dwarf;
				ENABLE_STRICT_OBJC_MSGSEND = YES;
				ENABLE_TESTABILITY = YES;
				GCC_C_LANGUAGE_STANDARD = gnu11;
				GCC_DYNAMIC_NO_PIC = NO;
				GCC_NO_COMMON_BLOCKS = YES;
				GCC_OPTIMIZATION_LEVEL = 0;
				GCC_PREPROCESSOR_DEFINITIONS = (
					"DEBUG=1",
					"$(inherited)",
				);
				GCC_WARN_64_TO_32_BIT_CONVERSION = YES;
				GCC_WARN_ABOUT_RETURN_TYPE = YES_ERROR;
				GCC_WARN_UNDECLARED_SELECTOR = YES;
				GCC_WARN_UNINITIALIZED_AUTOS = YES_AGGRESSIVE;
				GCC_WARN_UNUSED_FUNCTION = YES;
				GCC_WARN_UNUSED_VARIABLE = YES;
				IPHONEOS_DEPLOYMENT_TARGET = 15.4;
				MTL_ENABLE_DEBUG_INFO = INCLUDE_SOURCE;
				MTL_FAST_MATH = YES;
				ONLY_ACTIVE_ARCH = YES;
				SDKROOT = iphoneos;
				SWIFT_ACTIVE_COMPILATION_CONDITIONS = DEBUG;
				SWIFT_OPTIMIZATION_LEVEL = "-Onone";
			};
			name = Debug;
		};
		DD35052C280A9BF000A95D78 /* Release */ = {
			isa = XCBuildConfiguration;
			buildSettings = {
				ALWAYS_SEARCH_USER_PATHS = NO;
				CLANG_ANALYZER_NONNULL = YES;
				CLANG_ANALYZER_NUMBER_OBJECT_CONVERSION = YES_AGGRESSIVE;
				CLANG_CXX_LANGUAGE_STANDARD = "gnu++17";
				CLANG_ENABLE_MODULES = YES;
				CLANG_ENABLE_OBJC_ARC = YES;
				CLANG_ENABLE_OBJC_WEAK = YES;
				CLANG_WARN_BLOCK_CAPTURE_AUTORELEASING = YES;
				CLANG_WARN_BOOL_CONVERSION = YES;
				CLANG_WARN_COMMA = YES;
				CLANG_WARN_CONSTANT_CONVERSION = YES;
				CLANG_WARN_DEPRECATED_OBJC_IMPLEMENTATIONS = YES;
				CLANG_WARN_DIRECT_OBJC_ISA_USAGE = YES_ERROR;
				CLANG_WARN_DOCUMENTATION_COMMENTS = YES;
				CLANG_WARN_EMPTY_BODY = YES;
				CLANG_WARN_ENUM_CONVERSION = YES;
				CLANG_WARN_INFINITE_RECURSION = YES;
				CLANG_WARN_INT_CONVERSION = YES;
				CLANG_WARN_NON_LITERAL_NULL_CONVERSION = YES;
				CLANG_WARN_OBJC_IMPLICIT_RETAIN_SELF = YES;
				CLANG_WARN_OBJC_LITERAL_CONVERSION = YES;
				CLANG_WARN_OBJC_ROOT_CLASS = YES_ERROR;
				CLANG_WARN_QUOTED_INCLUDE_IN_FRAMEWORK_HEADER = YES;
				CLANG_WARN_RANGE_LOOP_ANALYSIS = YES;
				CLANG_WARN_STRICT_PROTOTYPES = YES;
				CLANG_WARN_SUSPICIOUS_MOVE = YES;
				CLANG_WARN_UNGUARDED_AVAILABILITY = YES_AGGRESSIVE;
				CLANG_WARN_UNREACHABLE_CODE = YES;
				CLANG_WARN__DUPLICATE_METHOD_MATCH = YES;
				COPY_PHASE_STRIP = NO;
				DEBUG_INFORMATION_FORMAT = "dwarf-with-dsym";
				ENABLE_NS_ASSERTIONS = NO;
				ENABLE_STRICT_OBJC_MSGSEND = YES;
				GCC_C_LANGUAGE_STANDARD = gnu11;
				GCC_NO_COMMON_BLOCKS = YES;
				GCC_WARN_64_TO_32_BIT_CONVERSION = YES;
				GCC_WARN_ABOUT_RETURN_TYPE = YES_ERROR;
				GCC_WARN_UNDECLARED_SELECTOR = YES;
				GCC_WARN_UNINITIALIZED_AUTOS = YES_AGGRESSIVE;
				GCC_WARN_UNUSED_FUNCTION = YES;
				GCC_WARN_UNUSED_VARIABLE = YES;
				IPHONEOS_DEPLOYMENT_TARGET = 15.4;
				MTL_ENABLE_DEBUG_INFO = NO;
				MTL_FAST_MATH = YES;
				SDKROOT = iphoneos;
				SWIFT_COMPILATION_MODE = wholemodule;
				SWIFT_OPTIMIZATION_LEVEL = "-O";
				VALIDATE_PRODUCT = YES;
			};
			name = Release;
		};
		DD35052E280A9BF000A95D78 /* Debug */ = {
			isa = XCBuildConfiguration;
			buildSettings = {
				ASSETCATALOG_COMPILER_APPICON_NAME = AppIcon;
				ASSETCATALOG_COMPILER_GLOBAL_ACCENT_COLOR_NAME = AccentColor;
				CODE_SIGN_STYLE = Automatic;
				CURRENT_PROJECT_VERSION = 1;
				GENERATE_INFOPLIST_FILE = YES;
				INFOPLIST_FILE = Switter/Info.plist;
				INFOPLIST_KEY_UIApplicationSupportsIndirectInputEvents = YES;
				INFOPLIST_KEY_UILaunchStoryboardName = LaunchScreen;
				INFOPLIST_KEY_UIRequiredDeviceCapabilities = armv7;
				INFOPLIST_KEY_UISupportedInterfaceOrientations = UIInterfaceOrientationPortrait;
				INFOPLIST_KEY_UISupportedInterfaceOrientations_iPad = "UIInterfaceOrientationPortrait UIInterfaceOrientationPortraitUpsideDown UIInterfaceOrientationLandscapeLeft UIInterfaceOrientationLandscapeRight";
				INFOPLIST_KEY_UISupportedInterfaceOrientations_iPhone = "UIInterfaceOrientationPortrait UIInterfaceOrientationLandscapeLeft UIInterfaceOrientationLandscapeRight";
				LD_RUNPATH_SEARCH_PATHS = (
					"$(inherited)",
					"@executable_path/Frameworks",
				);
				MARKETING_VERSION = 1.0;
				PRODUCT_BUNDLE_IDENTIFIER = me.example.Switter;
				PRODUCT_NAME = "$(TARGET_NAME)";
				SWIFT_EMIT_LOC_STRINGS = YES;
				SWIFT_VERSION = 5.0;
				TARGETED_DEVICE_FAMILY = "1,2";
			};
			name = Debug;
		};
		DD35052F280A9BF000A95D78 /* Release */ = {
			isa = XCBuildConfiguration;
			buildSettings = {
				ASSETCATALOG_COMPILER_APPICON_NAME = AppIcon;
				ASSETCATALOG_COMPILER_GLOBAL_ACCENT_COLOR_NAME = AccentColor;
				CODE_SIGN_STYLE = Automatic;
				CURRENT_PROJECT_VERSION = 1;
				GENERATE_INFOPLIST_FILE = YES;
				INFOPLIST_FILE = Switter/Info.plist;
				INFOPLIST_KEY_UIApplicationSupportsIndirectInputEvents = YES;
				INFOPLIST_KEY_UILaunchStoryboardName = LaunchScreen;
				INFOPLIST_KEY_UIRequiredDeviceCapabilities = armv7;
				INFOPLIST_KEY_UISupportedInterfaceOrientations = UIInterfaceOrientationPortrait;
				INFOPLIST_KEY_UISupportedInterfaceOrientations_iPad = "UIInterfaceOrientationPortrait UIInterfaceOrientationPortraitUpsideDown UIInterfaceOrientationLandscapeLeft UIInterfaceOrientationLandscapeRight";
				INFOPLIST_KEY_UISupportedInterfaceOrientations_iPhone = "UIInterfaceOrientationPortrait UIInterfaceOrientationLandscapeLeft UIInterfaceOrientationLandscapeRight";
				LD_RUNPATH_SEARCH_PATHS = (
					"$(inherited)",
					"@executable_path/Frameworks",
				);
				MARKETING_VERSION = 1.0;
				PRODUCT_BUNDLE_IDENTIFIER = me.example.Switter;
				PRODUCT_NAME = "$(TARGET_NAME)";
				SWIFT_EMIT_LOC_STRINGS = YES;
				SWIFT_VERSION = 5.0;
				TARGETED_DEVICE_FAMILY = "1,2";
			};
			name = Release;
		};
/* End XCBuildConfiguration section */

/* Begin XCConfigurationList section */
		DD350514280A9BEE00A95D78 /* Build configuration list for PBXProject "Switter" */ = {
			isa = XCConfigurationList;
			buildConfigurations = (
				DD35052B280A9BF000A95D78 /* Debug */,
				DD35052C280A9BF000A95D78 /* Release */,
			);
			defaultConfigurationIsVisible = 0;
			defaultConfigurationName = Release;
		};
		DD35052D280A9BF000A95D78 /* Build configuration list for PBXNativeTarget "Switter" */ = {
			isa = XCConfigurationList;
			buildConfigurations = (
				DD35052E280A9BF000A95D78 /* Debug */,
				DD35052F280A9BF000A95D78 /* Release */,
			);
			defaultConfigurationIsVisible = 0;
			defaultConfigurationName = Release;
		};
/* End XCConfigurationList section */

/* Begin XCRemoteSwiftPackageReference section */
		29FF363028144E5F00ECEE8C /* XCRemoteSwiftPackageReference "SDWebImage" */ = {
			isa = XCRemoteSwiftPackageReference;
			repositoryURL = "https://github.com/SDWebImage/SDWebImage.git";
			requirement = {
				kind = upToNextMajorVersion;
				minimumVersion = 5.0.0;
			};
		};
/* End XCRemoteSwiftPackageReference section */

/* Begin XCSwiftPackageProductDependency section */
		29FF363128144E5F00ECEE8C /* SDWebImage */ = {
			isa = XCSwiftPackageProductDependency;
			package = 29FF363028144E5F00ECEE8C /* XCRemoteSwiftPackageReference "SDWebImage" */;
			productName = SDWebImage;
		};
		DD350531280AA0F300A95D78 /* Core */ = {
			isa = XCSwiftPackageProductDependency;
			productName = Core;
		};
		DD350533280AA2A100A95D78 /* HTTPClient */ = {
			isa = XCSwiftPackageProductDependency;
			productName = HTTPClient;
		};
		DD350535280AA53600A95D78 /* Repository */ = {
			isa = XCSwiftPackageProductDependency;
			productName = Repository;
		};
/* End XCSwiftPackageProductDependency section */
	};
	rootObject = DD350511280A9BEE00A95D78 /* Project object */;
}
